// !$*UTF8*$!
{
	archiveVersion = 1;
	classes = {
	};
	objectVersion = 56;
	objects = {

/* Begin PBXBuildFile section */
		DFD172762BFC222500D9E13F /* LocationManager.swift in Sources */ = {isa = PBXBuildFile; fileRef = DFD172752BFC222500D9E13F /* LocationManager.swift */; };
		DFD1727C2BFC2E0600D9E13F /* LocationSearchActivationView.swift in Sources */ = {isa = PBXBuildFile; fileRef = DFD1727B2BFC2E0600D9E13F /* LocationSearchActivationView.swift */; };
		DFD1727E2BFC31A700D9E13F /* MapViewActionButton.swift in Sources */ = {isa = PBXBuildFile; fileRef = DFD1727D2BFC31A700D9E13F /* MapViewActionButton.swift */; };
		DFD172802BFC330D00D9E13F /* LocationSearchView.swift in Sources */ = {isa = PBXBuildFile; fileRef = DFD1727F2BFC330D00D9E13F /* LocationSearchView.swift */; };
		DFD172822BFC374A00D9E13F /* LocationSearchResultCell.swift in Sources */ = {isa = PBXBuildFile; fileRef = DFD172812BFC374A00D9E13F /* LocationSearchResultCell.swift */; };
		DFFEC6F52BFBABA800B46949 /* UberSwiftUIApp.swift in Sources */ = {isa = PBXBuildFile; fileRef = DFFEC6F42BFBABA800B46949 /* UberSwiftUIApp.swift */; };
		DFFEC6F92BFBABAA00B46949 /* Assets.xcassets in Resources */ = {isa = PBXBuildFile; fileRef = DFFEC6F82BFBABAA00B46949 /* Assets.xcassets */; };
		DFFEC6FC2BFBABAA00B46949 /* Preview Assets.xcassets in Resources */ = {isa = PBXBuildFile; fileRef = DFFEC6FB2BFBABAA00B46949 /* Preview Assets.xcassets */; };
		DFFEC70A2BFBAD0F00B46949 /* HomeView.swift in Sources */ = {isa = PBXBuildFile; fileRef = DFFEC7092BFBAD0F00B46949 /* HomeView.swift */; };
		DFFEC70C2BFBAD9600B46949 /* UberMapViewRepresentable.swift in Sources */ = {isa = PBXBuildFile; fileRef = DFFEC70B2BFBAD9600B46949 /* UberMapViewRepresentable.swift */; };
/* End PBXBuildFile section */

/* Begin PBXFileReference section */
		DFD172752BFC222500D9E13F /* LocationManager.swift */ = {isa = PBXFileReference; lastKnownFileType = sourcecode.swift; path = LocationManager.swift; sourceTree = "<group>"; };
		DFD1727B2BFC2E0600D9E13F /* LocationSearchActivationView.swift */ = {isa = PBXFileReference; lastKnownFileType = sourcecode.swift; path = LocationSearchActivationView.swift; sourceTree = "<group>"; };
		DFD1727D2BFC31A700D9E13F /* MapViewActionButton.swift */ = {isa = PBXFileReference; lastKnownFileType = sourcecode.swift; path = MapViewActionButton.swift; sourceTree = "<group>"; };
		DFD1727F2BFC330D00D9E13F /* LocationSearchView.swift */ = {isa = PBXFileReference; lastKnownFileType = sourcecode.swift; path = LocationSearchView.swift; sourceTree = "<group>"; };
		DFD172812BFC374A00D9E13F /* LocationSearchResultCell.swift */ = {isa = PBXFileReference; lastKnownFileType = sourcecode.swift; path = LocationSearchResultCell.swift; sourceTree = "<group>"; };
		DFFEC6F12BFBABA800B46949 /* UberSwiftUI.app */ = {isa = PBXFileReference; explicitFileType = wrapper.application; includeInIndex = 0; path = UberSwiftUI.app; sourceTree = BUILT_PRODUCTS_DIR; };
		DFFEC6F42BFBABA800B46949 /* UberSwiftUIApp.swift */ = {isa = PBXFileReference; lastKnownFileType = sourcecode.swift; path = UberSwiftUIApp.swift; sourceTree = "<group>"; };
		DFFEC6F82BFBABAA00B46949 /* Assets.xcassets */ = {isa = PBXFileReference; lastKnownFileType = folder.assetcatalog; path = Assets.xcassets; sourceTree = "<group>"; };
		DFFEC6FB2BFBABAA00B46949 /* Preview Assets.xcassets */ = {isa = PBXFileReference; lastKnownFileType = folder.assetcatalog; path = "Preview Assets.xcassets"; sourceTree = "<group>"; };
		DFFEC7092BFBAD0F00B46949 /* HomeView.swift */ = {isa = PBXFileReference; lastKnownFileType = sourcecode.swift; path = HomeView.swift; sourceTree = "<group>"; };
		DFFEC70B2BFBAD9600B46949 /* UberMapViewRepresentable.swift */ = {isa = PBXFileReference; lastKnownFileType = sourcecode.swift; path = UberMapViewRepresentable.swift; sourceTree = "<group>"; };
/* End PBXFileReference section */

/* Begin PBXFrameworksBuildPhase section */
		DFFEC6EE2BFBABA800B46949 /* Frameworks */ = {
			isa = PBXFrameworksBuildPhase;
			buildActionMask = 2147483647;
			files = (
			);
			runOnlyForDeploymentPostprocessing = 0;
		};
/* End PBXFrameworksBuildPhase section */

/* Begin PBXGroup section */
		DFD172772BFC2D9A00D9E13F /* Home */ = {
			isa = PBXGroup;
			children = (
				DFFEC7082BFBACE900B46949 /* View */,
				DFFEC7072BFBACE200B46949 /* ViewModel */,
			);
			path = Home;
			sourceTree = "<group>";
		};
		DFD172782BFC2DB200D9E13F /* LocationSearch */ = {
			isa = PBXGroup;
			children = (
				DFD1727A2BFC2DCF00D9E13F /* ViewModel */,
				DFD172792BFC2DC800D9E13F /* View */,
			);
			path = LocationSearch;
			sourceTree = "<group>";
		};
		DFD172792BFC2DC800D9E13F /* View */ = {
			isa = PBXGroup;
			children = (
				DFD1727B2BFC2E0600D9E13F /* LocationSearchActivationView.swift */,
				DFD1727F2BFC330D00D9E13F /* LocationSearchView.swift */,
				DFD172812BFC374A00D9E13F /* LocationSearchResultCell.swift */,
			);
			path = View;
			sourceTree = "<group>";
		};
		DFD1727A2BFC2DCF00D9E13F /* ViewModel */ = {
			isa = PBXGroup;
			children = (
			);
			path = ViewModel;
			sourceTree = "<group>";
		};
		DFFEC6E82BFBABA800B46949 = {
			isa = PBXGroup;
			children = (
				DFFEC6F32BFBABA800B46949 /* UberSwiftUI */,
				DFFEC6F22BFBABA800B46949 /* Products */,
			);
			sourceTree = "<group>";
		};
		DFFEC6F22BFBABA800B46949 /* Products */ = {
			isa = PBXGroup;
			children = (
				DFFEC6F12BFBABA800B46949 /* UberSwiftUI.app */,
			);
			name = Products;
			sourceTree = "<group>";
		};
		DFFEC6F32BFBABA800B46949 /* UberSwiftUI */ = {
			isa = PBXGroup;
			children = (
				DFFEC7062BFBACBB00B46949 /* Models */,
				DFFEC7042BFBABF500B46949 /* Extensions */,
				DFFEC7032BFBABEB00B46949 /* Core */,
				DFFEC7052BFBACB500B46949 /* Managers */,
				DFFEC7022BFBABE200B46949 /* App */,
				DFFEC6F82BFBABAA00B46949 /* Assets.xcassets */,
				DFFEC6FA2BFBABAA00B46949 /* Preview Content */,
			);
			path = UberSwiftUI;
			sourceTree = "<group>";
		};
		DFFEC6FA2BFBABAA00B46949 /* Preview Content */ = {
			isa = PBXGroup;
			children = (
				DFFEC6FB2BFBABAA00B46949 /* Preview Assets.xcassets */,
			);
			path = "Preview Content";
			sourceTree = "<group>";
		};
		DFFEC7022BFBABE200B46949 /* App */ = {
			isa = PBXGroup;
			children = (
				DFFEC6F42BFBABA800B46949 /* UberSwiftUIApp.swift */,
			);
			path = App;
			sourceTree = "<group>";
		};
		DFFEC7032BFBABEB00B46949 /* Core */ = {
			isa = PBXGroup;
			children = (
				DFD172782BFC2DB200D9E13F /* LocationSearch */,
				DFD172772BFC2D9A00D9E13F /* Home */,
			);
			path = Core;
			sourceTree = "<group>";
		};
		DFFEC7042BFBABF500B46949 /* Extensions */ = {
			isa = PBXGroup;
			children = (
			);
			path = Extensions;
			sourceTree = "<group>";
		};
		DFFEC7052BFBACB500B46949 /* Managers */ = {
			isa = PBXGroup;
			children = (
				DFD172752BFC222500D9E13F /* LocationManager.swift */,
			);
			path = Managers;
			sourceTree = "<group>";
		};
		DFFEC7062BFBACBB00B46949 /* Models */ = {
			isa = PBXGroup;
			children = (
			);
			path = Models;
			sourceTree = "<group>";
		};
		DFFEC7072BFBACE200B46949 /* ViewModel */ = {
			isa = PBXGroup;
			children = (
			);
			path = ViewModel;
			sourceTree = "<group>";
		};
		DFFEC7082BFBACE900B46949 /* View */ = {
			isa = PBXGroup;
			children = (
				DFFEC7092BFBAD0F00B46949 /* HomeView.swift */,
				DFFEC70B2BFBAD9600B46949 /* UberMapViewRepresentable.swift */,
				DFD1727D2BFC31A700D9E13F /* MapViewActionButton.swift */,
			);
			path = View;
			sourceTree = "<group>";
		};
/* End PBXGroup section */

/* Begin PBXNativeTarget section */
		DFFEC6F02BFBABA800B46949 /* UberSwiftUI */ = {
			isa = PBXNativeTarget;
			buildConfigurationList = DFFEC6FF2BFBABAA00B46949 /* Build configuration list for PBXNativeTarget "UberSwiftUI" */;
			buildPhases = (
				DFFEC6ED2BFBABA800B46949 /* Sources */,
				DFFEC6EE2BFBABA800B46949 /* Frameworks */,
				DFFEC6EF2BFBABA800B46949 /* Resources */,
			);
			buildRules = (
			);
			dependencies = (
			);
			name = UberSwiftUI;
			productName = UberSwiftUI;
			productReference = DFFEC6F12BFBABA800B46949 /* UberSwiftUI.app */;
			productType = "com.apple.product-type.application";
		};
/* End PBXNativeTarget section */

/* Begin PBXProject section */
		DFFEC6E92BFBABA800B46949 /* Project object */ = {
			isa = PBXProject;
			attributes = {
				BuildIndependentTargetsInParallel = 1;
				LastSwiftUpdateCheck = 1520;
				LastUpgradeCheck = 1520;
				TargetAttributes = {
					DFFEC6F02BFBABA800B46949 = {
						CreatedOnToolsVersion = 15.2;
					};
				};
			};
			buildConfigurationList = DFFEC6EC2BFBABA800B46949 /* Build configuration list for PBXProject "UberSwiftUI" */;
			compatibilityVersion = "Xcode 14.0";
			developmentRegion = en;
			hasScannedForEncodings = 0;
			knownRegions = (
				en,
				Base,
			);
			mainGroup = DFFEC6E82BFBABA800B46949;
			productRefGroup = DFFEC6F22BFBABA800B46949 /* Products */;
			projectDirPath = "";
			projectRoot = "";
			targets = (
				DFFEC6F02BFBABA800B46949 /* UberSwiftUI */,
			);
		};
/* End PBXProject section */

/* Begin PBXResourcesBuildPhase section */
		DFFEC6EF2BFBABA800B46949 /* Resources */ = {
			isa = PBXResourcesBuildPhase;
			buildActionMask = 2147483647;
			files = (
				DFFEC6FC2BFBABAA00B46949 /* Preview Assets.xcassets in Resources */,
				DFFEC6F92BFBABAA00B46949 /* Assets.xcassets in Resources */,
			);
			runOnlyForDeploymentPostprocessing = 0;
		};
/* End PBXResourcesBuildPhase section */

/* Begin PBXSourcesBuildPhase section */
		DFFEC6ED2BFBABA800B46949 /* Sources */ = {
			isa = PBXSourcesBuildPhase;
			buildActionMask = 2147483647;
			files = (
				DFD172802BFC330D00D9E13F /* LocationSearchView.swift in Sources */,
				DFD172762BFC222500D9E13F /* LocationManager.swift in Sources */,
				DFD1727E2BFC31A700D9E13F /* MapViewActionButton.swift in Sources */,
				DFFEC6F52BFBABA800B46949 /* UberSwiftUIApp.swift in Sources */,
				DFFEC70C2BFBAD9600B46949 /* UberMapViewRepresentable.swift in Sources */,
				DFFEC70A2BFBAD0F00B46949 /* HomeView.swift in Sources */,
				DFD1727C2BFC2E0600D9E13F /* LocationSearchActivationView.swift in Sources */,
				DFD172822BFC374A00D9E13F /* LocationSearchResultCell.swift in Sources */,
			);
			runOnlyForDeploymentPostprocessing = 0;
		};
/* End PBXSourcesBuildPhase section */

/* Begin XCBuildConfiguration section */
		DFFEC6FD2BFBABAA00B46949 /* Debug */ = {
			isa = XCBuildConfiguration;
			buildSettings = {
				ALWAYS_SEARCH_USER_PATHS = NO;
				ASSETCATALOG_COMPILER_GENERATE_SWIFT_ASSET_SYMBOL_EXTENSIONS = YES;
				CLANG_ANALYZER_NONNULL = YES;
				CLANG_ANALYZER_NUMBER_OBJECT_CONVERSION = YES_AGGRESSIVE;
				CLANG_CXX_LANGUAGE_STANDARD = "gnu++20";
				CLANG_ENABLE_MODULES = YES;
				CLANG_ENABLE_OBJC_ARC = YES;
				CLANG_ENABLE_OBJC_WEAK = YES;
				CLANG_WARN_BLOCK_CAPTURE_AUTORELEASING = YES;
				CLANG_WARN_BOOL_CONVERSION = YES;
				CLANG_WARN_COMMA = YES;
				CLANG_WARN_CONSTANT_CONVERSION = YES;
				CLANG_WARN_DEPRECATED_OBJC_IMPLEMENTATIONS = YES;
				CLANG_WARN_DIRECT_OBJC_ISA_USAGE = YES_ERROR;
				CLANG_WARN_DOCUMENTATION_COMMENTS = YES;
				CLANG_WARN_EMPTY_BODY = YES;
				CLANG_WARN_ENUM_CONVERSION = YES;
				CLANG_WARN_INFINITE_RECURSION = YES;
				CLANG_WARN_INT_CONVERSION = YES;
				CLANG_WARN_NON_LITERAL_NULL_CONVERSION = YES;
				CLANG_WARN_OBJC_IMPLICIT_RETAIN_SELF = YES;
				CLANG_WARN_OBJC_LITERAL_CONVERSION = YES;
				CLANG_WARN_OBJC_ROOT_CLASS = YES_ERROR;
				CLANG_WARN_QUOTED_INCLUDE_IN_FRAMEWORK_HEADER = YES;
				CLANG_WARN_RANGE_LOOP_ANALYSIS = YES;
				CLANG_WARN_STRICT_PROTOTYPES = YES;
				CLANG_WARN_SUSPICIOUS_MOVE = YES;
				CLANG_WARN_UNGUARDED_AVAILABILITY = YES_AGGRESSIVE;
				CLANG_WARN_UNREACHABLE_CODE = YES;
				CLANG_WARN__DUPLICATE_METHOD_MATCH = YES;
				COPY_PHASE_STRIP = NO;
				DEBUG_INFORMATION_FORMAT = dwarf;
				ENABLE_STRICT_OBJC_MSGSEND = YES;
				ENABLE_TESTABILITY = YES;
				ENABLE_USER_SCRIPT_SANDBOXING = YES;
				GCC_C_LANGUAGE_STANDARD = gnu17;
				GCC_DYNAMIC_NO_PIC = NO;
				GCC_NO_COMMON_BLOCKS = YES;
				GCC_OPTIMIZATION_LEVEL = 0;
				GCC_PREPROCESSOR_DEFINITIONS = (
					"DEBUG=1",
					"$(inherited)",
				);
				GCC_WARN_64_TO_32_BIT_CONVERSION = YES;
				GCC_WARN_ABOUT_RETURN_TYPE = YES_ERROR;
				GCC_WARN_UNDECLARED_SELECTOR = YES;
				GCC_WARN_UNINITIALIZED_AUTOS = YES_AGGRESSIVE;
				GCC_WARN_UNUSED_FUNCTION = YES;
				GCC_WARN_UNUSED_VARIABLE = YES;
				IPHONEOS_DEPLOYMENT_TARGET = 17.2;
				LOCALIZATION_PREFERS_STRING_CATALOGS = YES;
				MTL_ENABLE_DEBUG_INFO = INCLUDE_SOURCE;
				MTL_FAST_MATH = YES;
				ONLY_ACTIVE_ARCH = YES;
				SDKROOT = iphoneos;
				SWIFT_ACTIVE_COMPILATION_CONDITIONS = "DEBUG $(inherited)";
				SWIFT_OPTIMIZATION_LEVEL = "-Onone";
			};
			name = Debug;
		};
		DFFEC6FE2BFBABAA00B46949 /* Release */ = {
			isa = XCBuildConfiguration;
			buildSettings = {
				ALWAYS_SEARCH_USER_PATHS = NO;
				ASSETCATALOG_COMPILER_GENERATE_SWIFT_ASSET_SYMBOL_EXTENSIONS = YES;
				CLANG_ANALYZER_NONNULL = YES;
				CLANG_ANALYZER_NUMBER_OBJECT_CONVERSION = YES_AGGRESSIVE;
				CLANG_CXX_LANGUAGE_STANDARD = "gnu++20";
				CLANG_ENABLE_MODULES = YES;
				CLANG_ENABLE_OBJC_ARC = YES;
				CLANG_ENABLE_OBJC_WEAK = YES;
				CLANG_WARN_BLOCK_CAPTURE_AUTORELEASING = YES;
				CLANG_WARN_BOOL_CONVERSION = YES;
				CLANG_WARN_COMMA = YES;
				CLANG_WARN_CONSTANT_CONVERSION = YES;
				CLANG_WARN_DEPRECATED_OBJC_IMPLEMENTATIONS = YES;
				CLANG_WARN_DIRECT_OBJC_ISA_USAGE = YES_ERROR;
				CLANG_WARN_DOCUMENTATION_COMMENTS = YES;
				CLANG_WARN_EMPTY_BODY = YES;
				CLANG_WARN_ENUM_CONVERSION = YES;
				CLANG_WARN_INFINITE_RECURSION = YES;
				CLANG_WARN_INT_CONVERSION = YES;
				CLANG_WARN_NON_LITERAL_NULL_CONVERSION = YES;
				CLANG_WARN_OBJC_IMPLICIT_RETAIN_SELF = YES;
				CLANG_WARN_OBJC_LITERAL_CONVERSION = YES;
				CLANG_WARN_OBJC_ROOT_CLASS = YES_ERROR;
				CLANG_WARN_QUOTED_INCLUDE_IN_FRAMEWORK_HEADER = YES;
				CLANG_WARN_RANGE_LOOP_ANALYSIS = YES;
				CLANG_WARN_STRICT_PROTOTYPES = YES;
				CLANG_WARN_SUSPICIOUS_MOVE = YES;
				CLANG_WARN_UNGUARDED_AVAILABILITY = YES_AGGRESSIVE;
				CLANG_WARN_UNREACHABLE_CODE = YES;
				CLANG_WARN__DUPLICATE_METHOD_MATCH = YES;
				COPY_PHASE_STRIP = NO;
				DEBUG_INFORMATION_FORMAT = "dwarf-with-dsym";
				ENABLE_NS_ASSERTIONS = NO;
				ENABLE_STRICT_OBJC_MSGSEND = YES;
				ENABLE_USER_SCRIPT_SANDBOXING = YES;
				GCC_C_LANGUAGE_STANDARD = gnu17;
				GCC_NO_COMMON_BLOCKS = YES;
				GCC_WARN_64_TO_32_BIT_CONVERSION = YES;
				GCC_WARN_ABOUT_RETURN_TYPE = YES_ERROR;
				GCC_WARN_UNDECLARED_SELECTOR = YES;
				GCC_WARN_UNINITIALIZED_AUTOS = YES_AGGRESSIVE;
				GCC_WARN_UNUSED_FUNCTION = YES;
				GCC_WARN_UNUSED_VARIABLE = YES;
				IPHONEOS_DEPLOYMENT_TARGET = 17.2;
				LOCALIZATION_PREFERS_STRING_CATALOGS = YES;
				MTL_ENABLE_DEBUG_INFO = NO;
				MTL_FAST_MATH = YES;
				SDKROOT = iphoneos;
				SWIFT_COMPILATION_MODE = wholemodule;
				VALIDATE_PRODUCT = YES;
			};
			name = Release;
		};
		DFFEC7002BFBABAA00B46949 /* Debug */ = {
			isa = XCBuildConfiguration;
			buildSettings = {
				ASSETCATALOG_COMPILER_APPICON_NAME = AppIcon;
				ASSETCATALOG_COMPILER_GLOBAL_ACCENT_COLOR_NAME = AccentColor;
				CODE_SIGN_STYLE = Automatic;
				CURRENT_PROJECT_VERSION = 1;
				DEVELOPMENT_ASSET_PATHS = "\"UberSwiftUI/Preview Content\"";
				DEVELOPMENT_TEAM = JF56Q52HA5;
				ENABLE_PREVIEWS = YES;
				GENERATE_INFOPLIST_FILE = YES;
				INFOPLIST_KEY_NSLocationWhenInUseUsageDescription = "please allow us to access your location to find you nearby drivers and rides";
				INFOPLIST_KEY_UIApplicationSceneManifest_Generation = YES;
				INFOPLIST_KEY_UIApplicationSupportsIndirectInputEvents = YES;
				INFOPLIST_KEY_UILaunchScreen_Generation = YES;
				INFOPLIST_KEY_UISupportedInterfaceOrientations_iPad = "UIInterfaceOrientationPortrait UIInterfaceOrientationPortraitUpsideDown UIInterfaceOrientationLandscapeLeft UIInterfaceOrientationLandscapeRight";
				INFOPLIST_KEY_UISupportedInterfaceOrientations_iPhone = "UIInterfaceOrientationPortrait UIInterfaceOrientationLandscapeLeft UIInterfaceOrientationLandscapeRight";
				LD_RUNPATH_SEARCH_PATHS = (
					"$(inherited)",
					"@executable_path/Frameworks",
				);
				MARKETING_VERSION = 1.0;
				PRODUCT_BUNDLE_IDENTIFIER = com.luke.SwiftUIPractice.UberSwiftUI;
				PRODUCT_NAME = "$(TARGET_NAME)";
				SWIFT_EMIT_LOC_STRINGS = YES;
				SWIFT_VERSION = 5.0;
				TARGETED_DEVICE_FAMILY = "1,2";
			};
			name = Debug;
		};
		DFFEC7012BFBABAA00B46949 /* Release */ = {
			isa = XCBuildConfiguration;
			buildSettings = {
				ASSETCATALOG_COMPILER_APPICON_NAME = AppIcon;
				ASSETCATALOG_COMPILER_GLOBAL_ACCENT_COLOR_NAME = AccentColor;
				CODE_SIGN_STYLE = Automatic;
				CURRENT_PROJECT_VERSION = 1;
				DEVELOPMENT_ASSET_PATHS = "\"UberSwiftUI/Preview Content\"";
				DEVELOPMENT_TEAM = JF56Q52HA5;
				ENABLE_PREVIEWS = YES;
				GENERATE_INFOPLIST_FILE = YES;
				INFOPLIST_KEY_NSLocationWhenInUseUsageDescription = "please allow us to access your location to find you nearby drivers and rides";
				INFOPLIST_KEY_UIApplicationSceneManifest_Generation = YES;
				INFOPLIST_KEY_UIApplicationSupportsIndirectInputEvents = YES;
				INFOPLIST_KEY_UILaunchScreen_Generation = YES;
				INFOPLIST_KEY_UISupportedInterfaceOrientations_iPad = "UIInterfaceOrientationPortrait UIInterfaceOrientationPortraitUpsideDown UIInterfaceOrientationLandscapeLeft UIInterfaceOrientationLandscapeRight";
				INFOPLIST_KEY_UISupportedInterfaceOrientations_iPhone = "UIInterfaceOrientationPortrait UIInterfaceOrientationLandscapeLeft UIInterfaceOrientationLandscapeRight";
				LD_RUNPATH_SEARCH_PATHS = (
					"$(inherited)",
					"@executable_path/Frameworks",
				);
				MARKETING_VERSION = 1.0;
				PRODUCT_BUNDLE_IDENTIFIER = com.luke.SwiftUIPractice.UberSwiftUI;
				PRODUCT_NAME = "$(TARGET_NAME)";
				SWIFT_EMIT_LOC_STRINGS = YES;
				SWIFT_VERSION = 5.0;
				TARGETED_DEVICE_FAMILY = "1,2";
			};
			name = Release;
		};
/* End XCBuildConfiguration section */

/* Begin XCConfigurationList section */
		DFFEC6EC2BFBABA800B46949 /* Build configuration list for PBXProject "UberSwiftUI" */ = {
			isa = XCConfigurationList;
			buildConfigurations = (
				DFFEC6FD2BFBABAA00B46949 /* Debug */,
				DFFEC6FE2BFBABAA00B46949 /* Release */,
			);
			defaultConfigurationIsVisible = 0;
			defaultConfigurationName = Release;
		};
		DFFEC6FF2BFBABAA00B46949 /* Build configuration list for PBXNativeTarget "UberSwiftUI" */ = {
			isa = XCConfigurationList;
			buildConfigurations = (
				DFFEC7002BFBABAA00B46949 /* Debug */,
				DFFEC7012BFBABAA00B46949 /* Release */,
			);
			defaultConfigurationIsVisible = 0;
			defaultConfigurationName = Release;
		};
/* End XCConfigurationList section */
	};
	rootObject = DFFEC6E92BFBABA800B46949 /* Project object */;
}
